
Microsoft Visual Studio Solution File, Format Version 12.00
# Visual Studio Version 17
VisualStudioVersion = 17.1.32210.238
MinimumVisualStudioVersion = 10.0.40219.1
Project("{FAE04EC0-301F-11D3-BF4B-00C04F79EFBC}") = "1C.U", "1C.U.csproj", "{565A0BEF-0C4B-407F-9278-ADFDF7764382}"
EndProject
Global
	GlobalSection(SolutionConfigurationPlatforms) = preSolution
		Debug|Any CPU = Debug|Any CPU
		Release|Any CPU = Release|Any CPU
	EndGlobalSection
	GlobalSection(ProjectConfigurationPlatforms) = postSolution
		{565A0BEF-0C4B-407F-9278-ADFDF7764382}.Debug|Any CPU.ActiveCfg = Debug|Any CPU
		{565A0BEF-0C4B-407F-9278-ADFDF7764382}.Debug|Any CPU.Build.0 = Debug|Any CPU
		{565A0BEF-0C4B-407F-9278-ADFDF7764382}.Release|Any CPU.ActiveCfg = Release|Any CPU
		{565A0BEF-0C4B-407F-9278-ADFDF7764382}.Release|Any CPU.Build.0 = Release|Any CPU
	EndGlobalSection
	GlobalSection(SolutionProperties) = preSolution
		HideSolutionNode = FALSE
	EndGlobalSection
	GlobalSection(ExtensibilityGlobals) = postSolution
		SolutionGuid = {F3DEB173-FD38-4C7A-9CF4-75E5782E2396}
	EndGlobalSection
EndGlobal
